
Microsoft Visual Studio Solution File, Format Version 12.00
# Visual Studio Version 16
VisualStudioVersion = 16.0.30717.126
MinimumVisualStudioVersion = 10.0.40219.1
Project("{FAE04EC0-301F-11D3-BF4B-00C04F79EFBC}") = "RSA_TEST", "RSA_TEST\RSA_TEST.csproj", "{9DB366EF-18F3-4502-93C4-D4370F0CE2F3}"
EndProject
Global
	GlobalSection(SolutionConfigurationPlatforms) = preSolution
		Debug|Any CPU = Debug|Any CPU
		Release|Any CPU = Release|Any CPU
	EndGlobalSection
	GlobalSection(ProjectConfigurationPlatforms) = postSolution
		{9DB366EF-18F3-4502-93C4-D4370F0CE2F3}.Debug|Any CPU.ActiveCfg = Debug|Any CPU
		{9DB366EF-18F3-4502-93C4-D4370F0CE2F3}.Debug|Any CPU.Build.0 = Debug|Any CPU
		{9DB366EF-18F3-4502-93C4-D4370F0CE2F3}.Release|Any CPU.ActiveCfg = Release|Any CPU
		{9DB366EF-18F3-4502-93C4-D4370F0CE2F3}.Release|Any CPU.Build.0 = Release|Any CPU
	EndGlobalSection
	GlobalSection(SolutionProperties) = preSolution
		HideSolutionNode = FALSE
	EndGlobalSection
	GlobalSection(ExtensibilityGlobals) = postSolution
		SolutionGuid = {506C9565-A9CE-4413-9F0C-FCA352621464}
	EndGlobalSection
EndGlobal
